{
  "lockfileVersion": 1,
  "workspaces": {
    "": {
      "name": "inventory",
      "dependencies": {
        "zod": "^3.23.8",
      },
      "devDependencies": {
        "typescript": "^5.6.2",
      },
    },
  },
  "packages": {
    "typescript": ["typescript@5.6.2", "", { "bin": { "tsc": "bin/tsc", "tsserver": "bin/tsserver" } }, "sha512-example"],
    "zod": ["zod@3.23.8", "", {}, "sha512-example"],
  }
}
