# This file is @generated by PDM.
# It is not intended for manual editing.

[metadata]
groups = ["default", "dev"]
strategy = ["cross_platform", "inherit_metadata"]
lock_version = "4.5.0"
content_hash = "sha256:3f2a1c"

[[package]]
name = "fastapi"
version = "0.115.0"
requires_python = ">=3.8"
summary = "FastAPI framework"
groups = ["default"]
dependencies = [
    "starlette<0.39.0,>=0.37.2",
]
