version = 1
requires-python = ">=3.12"

[[package]]
name = "inventory"
version = "1.4.0"
source = { editable = "." }
dependencies = [
    { name = "fastapi" },
]

[[package]]
name = "fastapi"
version = "0.115.0"
source = { registry = "https://pypi.org/simple" }
sdist = { url = "https://files.pythonhosted.org/packages/fastapi-0.115.0.tar.gz", hash = "sha256:f93b4ca", size = 300000 }
