{
    "_meta": {
        "hash": {
            "sha256": "a6e5c2"
        },
        "pipfile-spec": 6,
        "requires": {
            "python_version": "3.12"
        },
        "sources": [
            {
                "name": "pypi",
                "url": "https://pypi.org/simple",
                "verify_ssl": true
            }
        ]
    },
    "default": {
        "fastapi": {
            "hashes": [
                "sha256:1a2b3c"
            ],
            "index": "pypi",
            "version": "==0.115.0"
        }
    },
    "develop": {
        "pytest": {
            "hashes": [
                "sha256:4d5e6f"
            ],
            "index": "pypi",
            "version": "==8.3.3"
        }
    }
}
