# This file is automatically @generated by Poetry 1.8.3 and should not be changed by hand.

[[package]]
name = "fastapi"
version = "0.115.0"
description = "FastAPI framework"
optional = false
python-versions = ">=3.8"
files = [
    {file = "fastapi-0.115.0-py3-none-any.whl", hash = "sha256:17ea427674467486e997206a5ab25760f6b09e069f099b96f5b55a32fb6f1631"},
]

[package.dependencies]
starlette = ">=0.37.2,<0.39.0"

[metadata]
lock-version = "2.0"
python-versions = "^3.12"
content-hash = "5f3a1c"
