# THIS IS AN AUTOGENERATED FILE. DO NOT EDIT THIS FILE DIRECTLY.
# yarn lockfile v1


"@types/node@^20.16.5":
  version "20.16.5"
  resolved "https://registry.yarnpkg.com/@types/node/-/node-20.16.5.tgz#2b3a6e"
  integrity sha512-VwYCweMo3DRjCn12Vr6dV0+ZsnJ4c0kVQe5bzUxIaCeVcvUJWiDNTEAKFbtIvdYpCUQzqLjkl3WrOiYDMQfshQ==

express@^4.19.2:
  version "4.19.2"
  resolved "https://registry.yarnpkg.com/express/-/express-4.19.2.tgz#e25437827a3aa7f2a827bc8171bdf2ed80d9b0b1"
  integrity sha512-5T6nhjsT+EOMzuck8JjBHARTHfMht0POzlA60WV2pMD3gyXw2LZnZ+ueGdNxG+0calOJcWKbpFcuzLZ91YWq9w==
  dependencies:
    accepts "~1.3.8"
    body-parser "1.20.2"
